
Microsoft Visual Studio Solution File, Format Version 11.00
# Visual Studio 2010
Project("{FAE04EC0-301F-11D3-BF4B-00C04F79EFBC}") = "NetworkingSandbox", "Assembly-CSharp.csproj", "{64B4B2C0-D5F4-68F5-FBB4-3AE1F7909C32}"
EndProject
Project("{FAE04EC0-301F-11D3-BF4B-00C04F79EFBC}") = "NetworkingSandbox", "Assembly-CSharp-Editor.csproj", "{3D8AE3AB-7CDD-513A-C6C9-5E5A13ACE7DD}"
EndProject
Global
	GlobalSection(SolutionConfigurationPlatforms) = preSolution
		Debug|Any CPU = Debug|Any CPU
		Release|Any CPU = Release|Any CPU
	EndGlobalSection
	GlobalSection(ProjectConfigurationPlatforms) = postSolution
		{64B4B2C0-D5F4-68F5-FBB4-3AE1F7909C32}.Debug|Any CPU.ActiveCfg = Debug|Any CPU
		{64B4B2C0-D5F4-68F5-FBB4-3AE1F7909C32}.Debug|Any CPU.Build.0 = Debug|Any CPU
		{64B4B2C0-D5F4-68F5-FBB4-3AE1F7909C32}.Release|Any CPU.ActiveCfg = Release|Any CPU
		{64B4B2C0-D5F4-68F5-FBB4-3AE1F7909C32}.Release|Any CPU.Build.0 = Release|Any CPU
		{3D8AE3AB-7CDD-513A-C6C9-5E5A13ACE7DD}.Debug|Any CPU.ActiveCfg = Debug|Any CPU
		{3D8AE3AB-7CDD-513A-C6C9-5E5A13ACE7DD}.Debug|Any CPU.Build.0 = Debug|Any CPU
		{3D8AE3AB-7CDD-513A-C6C9-5E5A13ACE7DD}.Release|Any CPU.ActiveCfg = Release|Any CPU
		{3D8AE3AB-7CDD-513A-C6C9-5E5A13ACE7DD}.Release|Any CPU.Build.0 = Release|Any CPU
	EndGlobalSection
	GlobalSection(SolutionProperties) = preSolution
		HideSolutionNode = FALSE
	EndGlobalSection
	GlobalSection(MonoDevelopProperties) = preSolution
		StartupItem = Assembly-CSharp.csproj
	EndGlobalSection
EndGlobal
